
Microsoft Visual Studio Solution File, Format Version 12.00
# Visual Studio Version 17
VisualStudioVersion = 17.14.36603.0 d17.14
MinimumVisualStudioVersion = 10.0.40219.1
Project("{FAE04EC0-301F-11D3-BF4B-00C04F79EFBC}") = "Exam System", "Exam System\Exam System.csproj", "{BE043DC0-EB18-4D92-BD42-12E5C4AEC276}"
EndProject
Global
	GlobalSection(SolutionConfigurationPlatforms) = preSolution
		Debug|Any CPU = Debug|Any CPU
		Release|Any CPU = Release|Any CPU
	EndGlobalSection
	GlobalSection(ProjectConfigurationPlatforms) = postSolution
		{BE043DC0-EB18-4D92-BD42-12E5C4AEC276}.Debug|Any CPU.ActiveCfg = Debug|Any CPU
		{BE043DC0-EB18-4D92-BD42-12E5C4AEC276}.Debug|Any CPU.Build.0 = Debug|Any CPU
		{BE043DC0-EB18-4D92-BD42-12E5C4AEC276}.Release|Any CPU.ActiveCfg = Release|Any CPU
		{BE043DC0-EB18-4D92-BD42-12E5C4AEC276}.Release|Any CPU.Build.0 = Release|Any CPU
	EndGlobalSection
	GlobalSection(SolutionProperties) = preSolution
		HideSolutionNode = FALSE
	EndGlobalSection
	GlobalSection(ExtensibilityGlobals) = postSolution
		SolutionGuid = {E47CAA4B-B200-4612-8B14-02BF036BF13A}
	EndGlobalSection
EndGlobal
